
Microsoft Visual Studio Solution File, Format Version 12.00
# Visual Studio 15
VisualStudioVersion = 15.0.27428.2027
MinimumVisualStudioVersion = 10.0.40219.1
Project("{FAE04EC0-301F-11D3-BF4B-00C04F79EFBC}") = "ISTTP_Lab2", "ISTTP_Lab2\ISTTP_Lab2.csproj", "{13D003D0-99D0-43F5-8C06-0B985CB3B954}"
EndProject
Project("{FAE04EC0-301F-11D3-BF4B-00C04F79EFBC}") = "FCDataEF", "FCDataEF\FCDataEF.csproj", "{487BDEB3-4792-4ABE-B3DD-EB7165EC274D}"
EndProject
Global
	GlobalSection(SolutionConfigurationPlatforms) = preSolution
		Debug|Any CPU = Debug|Any CPU
		Release|Any CPU = Release|Any CPU
	EndGlobalSection
	GlobalSection(ProjectConfigurationPlatforms) = postSolution
		{13D003D0-99D0-43F5-8C06-0B985CB3B954}.Debug|Any CPU.ActiveCfg = Debug|Any CPU
		{13D003D0-99D0-43F5-8C06-0B985CB3B954}.Debug|Any CPU.Build.0 = Debug|Any CPU
		{13D003D0-99D0-43F5-8C06-0B985CB3B954}.Release|Any CPU.ActiveCfg = Release|Any CPU
		{13D003D0-99D0-43F5-8C06-0B985CB3B954}.Release|Any CPU.Build.0 = Release|Any CPU
		{487BDEB3-4792-4ABE-B3DD-EB7165EC274D}.Debug|Any CPU.ActiveCfg = Debug|Any CPU
		{487BDEB3-4792-4ABE-B3DD-EB7165EC274D}.Debug|Any CPU.Build.0 = Debug|Any CPU
		{487BDEB3-4792-4ABE-B3DD-EB7165EC274D}.Release|Any CPU.ActiveCfg = Release|Any CPU
		{487BDEB3-4792-4ABE-B3DD-EB7165EC274D}.Release|Any CPU.Build.0 = Release|Any CPU
	EndGlobalSection
	GlobalSection(SolutionProperties) = preSolution
		HideSolutionNode = FALSE
	EndGlobalSection
	GlobalSection(ExtensibilityGlobals) = postSolution
		SolutionGuid = {CE785450-66F9-4384-A523-979F103C2584}
	EndGlobalSection
EndGlobal
